
Microsoft Visual Studio Solution File, Format Version 12.00
# Visual Studio 14
VisualStudioVersion = 14.0.25420.1
MinimumVisualStudioVersion = 10.0.40219.1
Project("{8BC9CEB8-8B4A-11D0-8D11-00A0C91BC942}") = "2.RemoteCallInject", "2.RemoteCallInject\2.RemoteCallInject.vcxproj", "{B81A5007-55F0-4E1C-A1DB-F2B8B40D42BA}"
EndProject
Global
	GlobalSection(SolutionConfigurationPlatforms) = preSolution
		Debug|x64 = Debug|x64
		Debug|x86 = Debug|x86
		Release|x64 = Release|x64
		Release|x86 = Release|x86
	EndGlobalSection
	GlobalSection(ProjectConfigurationPlatforms) = postSolution
		{B81A5007-55F0-4E1C-A1DB-F2B8B40D42BA}.Debug|x64.ActiveCfg = Debug|x64
		{B81A5007-55F0-4E1C-A1DB-F2B8B40D42BA}.Debug|x64.Build.0 = Debug|x64
		{B81A5007-55F0-4E1C-A1DB-F2B8B40D42BA}.Debug|x86.ActiveCfg = Debug|Win32
		{B81A5007-55F0-4E1C-A1DB-F2B8B40D42BA}.Debug|x86.Build.0 = Debug|Win32
		{B81A5007-55F0-4E1C-A1DB-F2B8B40D42BA}.Release|x64.ActiveCfg = Release|x64
		{B81A5007-55F0-4E1C-A1DB-F2B8B40D42BA}.Release|x64.Build.0 = Release|x64
		{B81A5007-55F0-4E1C-A1DB-F2B8B40D42BA}.Release|x86.ActiveCfg = Release|Win32
		{B81A5007-55F0-4E1C-A1DB-F2B8B40D42BA}.Release|x86.Build.0 = Release|Win32
	EndGlobalSection
	GlobalSection(SolutionProperties) = preSolution
		HideSolutionNode = FALSE
	EndGlobalSection
EndGlobal
